// !$*UTF8*$!
{
	archiveVersion = 1;
	classes = {
	};
	objectVersion = 50;
	objects = {

/* Begin PBXBuildFile section */
		EF2C1338254D476600A3EC46 /* HighlighterNode.swift in Sources */ = {isa = PBXBuildFile; fileRef = EF2C1337254D476600A3EC46 /* HighlighterNode.swift */; };
		EF413594254766BB00C05FC7 /* DeepLabV3Int8Image.mlmodel in Sources */ = {isa = PBXBuildFile; fileRef = EF413593254766BB00C05FC7 /* DeepLabV3Int8Image.mlmodel */; };
		EF4135BC2547710400C05FC7 /* Shaders.metal in Sources */ = {isa = PBXBuildFile; fileRef = EF4135BB2547710400C05FC7 /* Shaders.metal */; };
		EF4135BF2547746100C05FC7 /* SegmentationMaskNode.swift in Sources */ = {isa = PBXBuildFile; fileRef = EF4135BE2547746100C05FC7 /* SegmentationMaskNode.swift */; };
		EF65AAC425493B3000FBED7A /* YOLOv3Int8LUT.mlmodel in Sources */ = {isa = PBXBuildFile; fileRef = EF65AAC325493B3000FBED7A /* YOLOv3Int8LUT.mlmodel */; };
		EF68A84D254C65B00092EA24 /* CGRect+Extensions.swift in Sources */ = {isa = PBXBuildFile; fileRef = EF68A84C254C65B00092EA24 /* CGRect+Extensions.swift */; };
		EF6AB205254871BD0048FDD8 /* CVPixelBuffer+Helpers.swift in Sources */ = {isa = PBXBuildFile; fileRef = EF6AB204254871BD0048FDD8 /* CVPixelBuffer+Helpers.swift */; };
		EFB6F02D252D96520070AEBF /* AppDelegate.swift in Sources */ = {isa = PBXBuildFile; fileRef = EFB6F02C252D96520070AEBF /* AppDelegate.swift */; };
		EFB6F031252D96520070AEBF /* ViewController.swift in Sources */ = {isa = PBXBuildFile; fileRef = EFB6F030252D96520070AEBF /* ViewController.swift */; };
		EFB6F034252D96520070AEBF /* Main.storyboard in Resources */ = {isa = PBXBuildFile; fileRef = EFB6F032252D96520070AEBF /* Main.storyboard */; };
		EFB6F036252D96530070AEBF /* Assets.xcassets in Resources */ = {isa = PBXBuildFile; fileRef = EFB6F035252D96530070AEBF /* Assets.xcassets */; };
		EFB6F039252D96530070AEBF /* LaunchScreen.storyboard in Resources */ = {isa = PBXBuildFile; fileRef = EFB6F037252D96530070AEBF /* LaunchScreen.storyboard */; };
/* End PBXBuildFile section */

/* Begin PBXFileReference section */
		EF2C1337254D476600A3EC46 /* HighlighterNode.swift */ = {isa = PBXFileReference; lastKnownFileType = sourcecode.swift; path = HighlighterNode.swift; sourceTree = "<group>"; };
		EF413593254766BB00C05FC7 /* DeepLabV3Int8Image.mlmodel */ = {isa = PBXFileReference; lastKnownFileType = file.mlmodel; path = DeepLabV3Int8Image.mlmodel; sourceTree = "<group>"; };
		EF4135BB2547710400C05FC7 /* Shaders.metal */ = {isa = PBXFileReference; lastKnownFileType = sourcecode.metal; path = Shaders.metal; sourceTree = "<group>"; };
		EF4135BE2547746100C05FC7 /* SegmentationMaskNode.swift */ = {isa = PBXFileReference; lastKnownFileType = sourcecode.swift; path = SegmentationMaskNode.swift; sourceTree = "<group>"; };
		EF65AAC325493B3000FBED7A /* YOLOv3Int8LUT.mlmodel */ = {isa = PBXFileReference; lastKnownFileType = file.mlmodel; path = YOLOv3Int8LUT.mlmodel; sourceTree = "<group>"; };
		EF68A84C254C65B00092EA24 /* CGRect+Extensions.swift */ = {isa = PBXFileReference; lastKnownFileType = sourcecode.swift; path = "CGRect+Extensions.swift"; sourceTree = "<group>"; };
		EF6AB204254871BD0048FDD8 /* CVPixelBuffer+Helpers.swift */ = {isa = PBXFileReference; lastKnownFileType = sourcecode.swift; path = "CVPixelBuffer+Helpers.swift"; sourceTree = "<group>"; };
		EFB6F029252D96520070AEBF /* SegmentationAndOcclusion.app */ = {isa = PBXFileReference; explicitFileType = wrapper.application; includeInIndex = 0; path = SegmentationAndOcclusion.app; sourceTree = BUILT_PRODUCTS_DIR; };
		EFB6F02C252D96520070AEBF /* AppDelegate.swift */ = {isa = PBXFileReference; lastKnownFileType = sourcecode.swift; path = AppDelegate.swift; sourceTree = "<group>"; };
		EFB6F030252D96520070AEBF /* ViewController.swift */ = {isa = PBXFileReference; lastKnownFileType = sourcecode.swift; path = ViewController.swift; sourceTree = "<group>"; };
		EFB6F033252D96520070AEBF /* Base */ = {isa = PBXFileReference; lastKnownFileType = file.storyboard; name = Base; path = Base.lproj/Main.storyboard; sourceTree = "<group>"; };
		EFB6F035252D96530070AEBF /* Assets.xcassets */ = {isa = PBXFileReference; lastKnownFileType = folder.assetcatalog; path = Assets.xcassets; sourceTree = "<group>"; };
		EFB6F038252D96530070AEBF /* Base */ = {isa = PBXFileReference; lastKnownFileType = file.storyboard; name = Base; path = Base.lproj/LaunchScreen.storyboard; sourceTree = "<group>"; };
		EFB6F03A252D96530070AEBF /* Info.plist */ = {isa = PBXFileReference; lastKnownFileType = text.plist.xml; path = Info.plist; sourceTree = "<group>"; };
/* End PBXFileReference section */

/* Begin PBXFrameworksBuildPhase section */
		EFB6F026252D96520070AEBF /* Frameworks */ = {
			isa = PBXFrameworksBuildPhase;
			buildActionMask = 2147483647;
			files = (
			);
			runOnlyForDeploymentPostprocessing = 0;
		};
/* End PBXFrameworksBuildPhase section */

/* Begin PBXGroup section */
		EF2C133C254D4F9000A3EC46 /* Models */ = {
			isa = PBXGroup;
			children = (
				EF413593254766BB00C05FC7 /* DeepLabV3Int8Image.mlmodel */,
				EF65AAC325493B3000FBED7A /* YOLOv3Int8LUT.mlmodel */,
			);
			path = Models;
			sourceTree = "<group>";
		};
		EFA0FD5E254D4FD40054A3A1 /* Storyboard */ = {
			isa = PBXGroup;
			children = (
				EFB6F032252D96520070AEBF /* Main.storyboard */,
				EFB6F037252D96530070AEBF /* LaunchScreen.storyboard */,
			);
			path = Storyboard;
			sourceTree = "<group>";
		};
		EFA0FD5F254D4FF20054A3A1 /* Resources */ = {
			isa = PBXGroup;
			children = (
				EFB6F03A252D96530070AEBF /* Info.plist */,
				EFB6F035252D96530070AEBF /* Assets.xcassets */,
			);
			path = Resources;
			sourceTree = "<group>";
		};
		EFB6F020252D96520070AEBF = {
			isa = PBXGroup;
			children = (
				EFB6F02B252D96520070AEBF /* SegmentationAndOcclusion */,
				EFB6F02A252D96520070AEBF /* Products */,
			);
			sourceTree = "<group>";
		};
		EFB6F02A252D96520070AEBF /* Products */ = {
			isa = PBXGroup;
			children = (
				EFB6F029252D96520070AEBF /* SegmentationAndOcclusion.app */,
			);
			name = Products;
			sourceTree = "<group>";
		};
		EFB6F02B252D96520070AEBF /* SegmentationAndOcclusion */ = {
			isa = PBXGroup;
			children = (
				EFA0FD5F254D4FF20054A3A1 /* Resources */,
				EFA0FD5E254D4FD40054A3A1 /* Storyboard */,
				EF2C133C254D4F9000A3EC46 /* Models */,
				EFB6F02C252D96520070AEBF /* AppDelegate.swift */,
				EFB6F030252D96520070AEBF /* ViewController.swift */,
				EF4135BB2547710400C05FC7 /* Shaders.metal */,
				EF4135BE2547746100C05FC7 /* SegmentationMaskNode.swift */,
				EF6AB204254871BD0048FDD8 /* CVPixelBuffer+Helpers.swift */,
				EF68A84C254C65B00092EA24 /* CGRect+Extensions.swift */,
				EF2C1337254D476600A3EC46 /* HighlighterNode.swift */,
			);
			path = SegmentationAndOcclusion;
			sourceTree = "<group>";
		};
/* End PBXGroup section */

/* Begin PBXNativeTarget section */
		EFB6F028252D96520070AEBF /* SegmentationAndOcclusion */ = {
			isa = PBXNativeTarget;
			buildConfigurationList = EFB6F03D252D96530070AEBF /* Build configuration list for PBXNativeTarget "SegmentationAndOcclusion" */;
			buildPhases = (
				EFB6F025252D96520070AEBF /* Sources */,
				EFB6F026252D96520070AEBF /* Frameworks */,
				EFB6F027252D96520070AEBF /* Resources */,
			);
			buildRules = (
			);
			dependencies = (
			);
			name = SegmentationAndOcclusion;
			productName = ImageSegmentationAndPose;
			productReference = EFB6F029252D96520070AEBF /* SegmentationAndOcclusion.app */;
			productType = "com.apple.product-type.application";
		};
/* End PBXNativeTarget section */

/* Begin PBXProject section */
		EFB6F021252D96520070AEBF /* Project object */ = {
			isa = PBXProject;
			attributes = {
				LastSwiftUpdateCheck = 1200;
				LastUpgradeCheck = 1200;
				TargetAttributes = {
					EFB6F028252D96520070AEBF = {
						CreatedOnToolsVersion = 12.0.1;
					};
				};
			};
			buildConfigurationList = EFB6F024252D96520070AEBF /* Build configuration list for PBXProject "SegmentationAndOcclusion" */;
			compatibilityVersion = "Xcode 9.3";
			developmentRegion = en;
			hasScannedForEncodings = 0;
			knownRegions = (
				en,
				Base,
			);
			mainGroup = EFB6F020252D96520070AEBF;
			productRefGroup = EFB6F02A252D96520070AEBF /* Products */;
			projectDirPath = "";
			projectRoot = "";
			targets = (
				EFB6F028252D96520070AEBF /* SegmentationAndOcclusion */,
			);
		};
/* End PBXProject section */

/* Begin PBXResourcesBuildPhase section */
		EFB6F027252D96520070AEBF /* Resources */ = {
			isa = PBXResourcesBuildPhase;
			buildActionMask = 2147483647;
			files = (
				EFB6F039252D96530070AEBF /* LaunchScreen.storyboard in Resources */,
				EFB6F036252D96530070AEBF /* Assets.xcassets in Resources */,
				EFB6F034252D96520070AEBF /* Main.storyboard in Resources */,
			);
			runOnlyForDeploymentPostprocessing = 0;
		};
/* End PBXResourcesBuildPhase section */

/* Begin PBXSourcesBuildPhase section */
		EFB6F025252D96520070AEBF /* Sources */ = {
			isa = PBXSourcesBuildPhase;
			buildActionMask = 2147483647;
			files = (
				EF4135BC2547710400C05FC7 /* Shaders.metal in Sources */,
				EF65AAC425493B3000FBED7A /* YOLOv3Int8LUT.mlmodel in Sources */,
				EF6AB205254871BD0048FDD8 /* CVPixelBuffer+Helpers.swift in Sources */,
				EF2C1338254D476600A3EC46 /* HighlighterNode.swift in Sources */,
				EF413594254766BB00C05FC7 /* DeepLabV3Int8Image.mlmodel in Sources */,
				EF4135BF2547746100C05FC7 /* SegmentationMaskNode.swift in Sources */,
				EFB6F031252D96520070AEBF /* ViewController.swift in Sources */,
				EFB6F02D252D96520070AEBF /* AppDelegate.swift in Sources */,
				EF68A84D254C65B00092EA24 /* CGRect+Extensions.swift in Sources */,
			);
			runOnlyForDeploymentPostprocessing = 0;
		};
/* End PBXSourcesBuildPhase section */

/* Begin PBXVariantGroup section */
		EFB6F032252D96520070AEBF /* Main.storyboard */ = {
			isa = PBXVariantGroup;
			children = (
				EFB6F033252D96520070AEBF /* Base */,
			);
			name = Main.storyboard;
			sourceTree = "<group>";
		};
		EFB6F037252D96530070AEBF /* LaunchScreen.storyboard */ = {
			isa = PBXVariantGroup;
			children = (
				EFB6F038252D96530070AEBF /* Base */,
			);
			name = LaunchScreen.storyboard;
			sourceTree = "<group>";
		};
/* End PBXVariantGroup section */

/* Begin XCBuildConfiguration section */
		EFB6F03B252D96530070AEBF /* Debug */ = {
			isa = XCBuildConfiguration;
			buildSettings = {
				ALWAYS_SEARCH_USER_PATHS = NO;
				CLANG_ANALYZER_NONNULL = YES;
				CLANG_ANALYZER_NUMBER_OBJECT_CONVERSION = YES_AGGRESSIVE;
				CLANG_CXX_LANGUAGE_STANDARD = "gnu++14";
				CLANG_CXX_LIBRARY = "libc++";
				CLANG_ENABLE_MODULES = YES;
				CLANG_ENABLE_OBJC_ARC = YES;
				CLANG_ENABLE_OBJC_WEAK = YES;
				CLANG_WARN_BLOCK_CAPTURE_AUTORELEASING = YES;
				CLANG_WARN_BOOL_CONVERSION = YES;
				CLANG_WARN_COMMA = YES;
				CLANG_WARN_CONSTANT_CONVERSION = YES;
				CLANG_WARN_DEPRECATED_OBJC_IMPLEMENTATIONS = YES;
				CLANG_WARN_DIRECT_OBJC_ISA_USAGE = YES_ERROR;
				CLANG_WARN_DOCUMENTATION_COMMENTS = YES;
				CLANG_WARN_EMPTY_BODY = YES;
				CLANG_WARN_ENUM_CONVERSION = YES;
				CLANG_WARN_INFINITE_RECURSION = YES;
				CLANG_WARN_INT_CONVERSION = YES;
				CLANG_WARN_NON_LITERAL_NULL_CONVERSION = YES;
				CLANG_WARN_OBJC_IMPLICIT_RETAIN_SELF = YES;
				CLANG_WARN_OBJC_LITERAL_CONVERSION = YES;
				CLANG_WARN_OBJC_ROOT_CLASS = YES_ERROR;
				CLANG_WARN_QUOTED_INCLUDE_IN_FRAMEWORK_HEADER = YES;
				CLANG_WARN_RANGE_LOOP_ANALYSIS = YES;
				CLANG_WARN_STRICT_PROTOTYPES = YES;
				CLANG_WARN_SUSPICIOUS_MOVE = YES;
				CLANG_WARN_UNGUARDED_AVAILABILITY = YES_AGGRESSIVE;
				CLANG_WARN_UNREACHABLE_CODE = YES;
				CLANG_WARN__DUPLICATE_METHOD_MATCH = YES;
				COPY_PHASE_STRIP = NO;
				DEBUG_INFORMATION_FORMAT = dwarf;
				ENABLE_STRICT_OBJC_MSGSEND = YES;
				ENABLE_TESTABILITY = YES;
				GCC_C_LANGUAGE_STANDARD = gnu11;
				GCC_DYNAMIC_NO_PIC = NO;
				GCC_NO_COMMON_BLOCKS = YES;
				GCC_OPTIMIZATION_LEVEL = 0;
				GCC_PREPROCESSOR_DEFINITIONS = (
					"DEBUG=1",
					"$(inherited)",
				);
				GCC_WARN_64_TO_32_BIT_CONVERSION = YES;
				GCC_WARN_ABOUT_RETURN_TYPE = YES_ERROR;
				GCC_WARN_UNDECLARED_SELECTOR = YES;
				GCC_WARN_UNINITIALIZED_AUTOS = YES_AGGRESSIVE;
				GCC_WARN_UNUSED_FUNCTION = YES;
				GCC_WARN_UNUSED_VARIABLE = YES;
				IPHONEOS_DEPLOYMENT_TARGET = 14.0;
				MTL_ENABLE_DEBUG_INFO = INCLUDE_SOURCE;
				MTL_FAST_MATH = YES;
				ONLY_ACTIVE_ARCH = YES;
				SDKROOT = iphoneos;
				SWIFT_ACTIVE_COMPILATION_CONDITIONS = DEBUG;
				SWIFT_OPTIMIZATION_LEVEL = "-Onone";
			};
			name = Debug;
		};
		EFB6F03C252D96530070AEBF /* Release */ = {
			isa = XCBuildConfiguration;
			buildSettings = {
				ALWAYS_SEARCH_USER_PATHS = NO;
				CLANG_ANALYZER_NONNULL = YES;
				CLANG_ANALYZER_NUMBER_OBJECT_CONVERSION = YES_AGGRESSIVE;
				CLANG_CXX_LANGUAGE_STANDARD = "gnu++14";
				CLANG_CXX_LIBRARY = "libc++";
				CLANG_ENABLE_MODULES = YES;
				CLANG_ENABLE_OBJC_ARC = YES;
				CLANG_ENABLE_OBJC_WEAK = YES;
				CLANG_WARN_BLOCK_CAPTURE_AUTORELEASING = YES;
				CLANG_WARN_BOOL_CONVERSION = YES;
				CLANG_WARN_COMMA = YES;
				CLANG_WARN_CONSTANT_CONVERSION = YES;
				CLANG_WARN_DEPRECATED_OBJC_IMPLEMENTATIONS = YES;
				CLANG_WARN_DIRECT_OBJC_ISA_USAGE = YES_ERROR;
				CLANG_WARN_DOCUMENTATION_COMMENTS = YES;
				CLANG_WARN_EMPTY_BODY = YES;
				CLANG_WARN_ENUM_CONVERSION = YES;
				CLANG_WARN_INFINITE_RECURSION = YES;
				CLANG_WARN_INT_CONVERSION = YES;
				CLANG_WARN_NON_LITERAL_NULL_CONVERSION = YES;
				CLANG_WARN_OBJC_IMPLICIT_RETAIN_SELF = YES;
				CLANG_WARN_OBJC_LITERAL_CONVERSION = YES;
				CLANG_WARN_OBJC_ROOT_CLASS = YES_ERROR;
				CLANG_WARN_QUOTED_INCLUDE_IN_FRAMEWORK_HEADER = YES;
				CLANG_WARN_RANGE_LOOP_ANALYSIS = YES;
				CLANG_WARN_STRICT_PROTOTYPES = YES;
				CLANG_WARN_SUSPICIOUS_MOVE = YES;
				CLANG_WARN_UNGUARDED_AVAILABILITY = YES_AGGRESSIVE;
				CLANG_WARN_UNREACHABLE_CODE = YES;
				CLANG_WARN__DUPLICATE_METHOD_MATCH = YES;
				COPY_PHASE_STRIP = NO;
				DEBUG_INFORMATION_FORMAT = "dwarf-with-dsym";
				ENABLE_NS_ASSERTIONS = NO;
				ENABLE_STRICT_OBJC_MSGSEND = YES;
				GCC_C_LANGUAGE_STANDARD = gnu11;
				GCC_NO_COMMON_BLOCKS = YES;
				GCC_WARN_64_TO_32_BIT_CONVERSION = YES;
				GCC_WARN_ABOUT_RETURN_TYPE = YES_ERROR;
				GCC_WARN_UNDECLARED_SELECTOR = YES;
				GCC_WARN_UNINITIALIZED_AUTOS = YES_AGGRESSIVE;
				GCC_WARN_UNUSED_FUNCTION = YES;
				GCC_WARN_UNUSED_VARIABLE = YES;
				IPHONEOS_DEPLOYMENT_TARGET = 14.0;
				MTL_ENABLE_DEBUG_INFO = NO;
				MTL_FAST_MATH = YES;
				SDKROOT = iphoneos;
				SWIFT_COMPILATION_MODE = wholemodule;
				SWIFT_OPTIMIZATION_LEVEL = "-O";
				VALIDATE_PRODUCT = YES;
			};
			name = Release;
		};
		EFB6F03E252D96530070AEBF /* Debug */ = {
			isa = XCBuildConfiguration;
			buildSettings = {
				ASSETCATALOG_COMPILER_APPICON_NAME = AppIcon;
				ASSETCATALOG_COMPILER_GLOBAL_ACCENT_COLOR_NAME = AccentColor;
				CODE_SIGN_STYLE = Automatic;
				DEVELOPMENT_TEAM = 4K24VD487Q;
				INFOPLIST_FILE = SegmentationAndOcclusion/Resources/Info.plist;
				LD_RUNPATH_SEARCH_PATHS = (
					"$(inherited)",
					"@executable_path/Frameworks",
				);
				PRODUCT_BUNDLE_IDENTIFIER = Rozengain.SegmentationAndOcclusion;
				PRODUCT_NAME = "$(TARGET_NAME)";
				SWIFT_VERSION = 5.0;
				TARGETED_DEVICE_FAMILY = "1,2";
			};
			name = Debug;
		};
		EFB6F03F252D96530070AEBF /* Release */ = {
			isa = XCBuildConfiguration;
			buildSettings = {
				ASSETCATALOG_COMPILER_APPICON_NAME = AppIcon;
				ASSETCATALOG_COMPILER_GLOBAL_ACCENT_COLOR_NAME = AccentColor;
				CODE_SIGN_STYLE = Automatic;
				DEVELOPMENT_TEAM = 4K24VD487Q;
				INFOPLIST_FILE = SegmentationAndOcclusion/Resources/Info.plist;
				LD_RUNPATH_SEARCH_PATHS = (
					"$(inherited)",
					"@executable_path/Frameworks",
				);
				PRODUCT_BUNDLE_IDENTIFIER = Rozengain.SegmentationAndOcclusion;
				PRODUCT_NAME = "$(TARGET_NAME)";
				SWIFT_VERSION = 5.0;
				TARGETED_DEVICE_FAMILY = "1,2";
			};
			name = Release;
		};
/* End XCBuildConfiguration section */

/* Begin XCConfigurationList section */
		EFB6F024252D96520070AEBF /* Build configuration list for PBXProject "SegmentationAndOcclusion" */ = {
			isa = XCConfigurationList;
			buildConfigurations = (
				EFB6F03B252D96530070AEBF /* Debug */,
				EFB6F03C252D96530070AEBF /* Release */,
			);
			defaultConfigurationIsVisible = 0;
			defaultConfigurationName = Release;
		};
		EFB6F03D252D96530070AEBF /* Build configuration list for PBXNativeTarget "SegmentationAndOcclusion" */ = {
			isa = XCConfigurationList;
			buildConfigurations = (
				EFB6F03E252D96530070AEBF /* Debug */,
				EFB6F03F252D96530070AEBF /* Release */,
			);
			defaultConfigurationIsVisible = 0;
			defaultConfigurationName = Release;
		};
/* End XCConfigurationList section */
	};
	rootObject = EFB6F021252D96520070AEBF /* Project object */;
}
